{
  "name": "MNCCASH303-SLOT-BONUS-MEMBER-BARU-100-DI-AWAL-DAN-AKHIR-SILAKAN-DEPOSIT",
  "version": "1.9.0",
  "lockfileVersion": 2,
  "requires": true,
  "packages": {
    "": {
      "name": "MNCCASH303-SLOT-BONUS-MEMBER-BARU-100-DI-AWAL-DAN-AKHIR-SILAKAN-DEPOSIT",
      "version": "1.2.1",
      "license": "MIT",
      "engines": {
        "atom": ">=1.0.0 <2.0.0"
      }
    }
  }
}
